// !$*UTF8*$!
{
	archiveVersion = 1;
	classes = {
	};
	objectVersion = 46;
	objects = {

/* Begin PBXAggregateTarget section */
		62CEE19886114F8C8D2FA5FF /* ZERO_CHECK */ = {
			isa = PBXAggregateTarget;
			buildConfigurationList = B1B29A1DFA1A4DC7AE760A28 /* Build configuration list for PBXAggregateTarget "ZERO_CHECK" */;
			buildPhases = (
				7C50D6406C2260B134950F53 /* Generate CMakeFiles/ZERO_CHECK */,
			);
			dependencies = (
			);
			name = ZERO_CHECK;
			productName = ZERO_CHECK;
		};
		881360F0F3934F8780973C69 /* ALL_BUILD */ = {
			isa = PBXAggregateTarget;
			buildConfigurationList = 7446B1FBD4B54C8EB00B3C78 /* Build configuration list for PBXAggregateTarget "ALL_BUILD" */;
			buildPhases = (
				39A7D611A761BC88401CA2D5 /* Generate CMakeFiles/ALL_BUILD */,
			);
			dependencies = (
				A30DA022D3BF421EB4A7B045 /* PBXTargetDependency */,
				CB19C0051F394DBE9488C5FE /* PBXTargetDependency */,
			);
			name = ALL_BUILD;
			productName = ALL_BUILD;
		};
/* End PBXAggregateTarget section */

/* Begin PBXBuildFile section */
		2E983EC050924E538D7E95FC /* /Users/artemgavrikov/Documents/programming_for_bfu/labs_for_bfu/lab_7/funcs.hpp */ = {isa = PBXBuildFile; fileRef = 008D2CD69F314FD6B56B8141 /* /Users/artemgavrikov/Documents/programming_for_bfu/labs_for_bfu/lab_7/funcs.hpp */; };
		6723578E6FD146CBAA1F4F5B /* /Users/artemgavrikov/Documents/programming_for_bfu/labs_for_bfu/lab_7/CMakeLists.txt */ = {isa = PBXBuildFile; fileRef = 8BD952F732A14BA9BFCA79CE /* /Users/artemgavrikov/Documents/programming_for_bfu/labs_for_bfu/lab_7/CMakeLists.txt */; };
		A0D234024499460F93A5EE18 /* /Users/artemgavrikov/Documents/programming_for_bfu/labs_for_bfu/lab_7/lab_7.cpp */ = {isa = PBXBuildFile; fileRef = 4C100208CB954FD781B76920 /* /Users/artemgavrikov/Documents/programming_for_bfu/labs_for_bfu/lab_7/lab_7.cpp */; };
		BBF02920FCB24A78B1DAB7D7 /* /Users/artemgavrikov/Documents/programming_for_bfu/labs_for_bfu/lab_7/funcs.cpp */ = {isa = PBXBuildFile; fileRef = 9DBA63AE7F3D4C53A825999C /* /Users/artemgavrikov/Documents/programming_for_bfu/labs_for_bfu/lab_7/funcs.cpp */; };
/* End PBXBuildFile section */

/* Begin PBXBuildStyle section */
		5507C689358A467FA4F558B9 /*   */ = {
			isa = PBXBuildStyle;
			buildSettings = {
				COPY_PHASE_STRIP = NO;
			};
			name = " ";
		};
/* End PBXBuildStyle section */

/* Begin PBXContainerItemProxy section */
		0C974D86890F406595A24E16 /* PBXContainerItemProxy */ = {
			isa = PBXContainerItemProxy;
			containerPortal = 1C745C82F72940089758D53C /* Project object */;
			proxyType = 1;
			remoteGlobalIDString = DAE1DF882D744769A428AC6D;
			remoteInfo = lab_7;
		};
		1A4C36D49C16483F90EE1D21 /* PBXContainerItemProxy */ = {
			isa = PBXContainerItemProxy;
			containerPortal = 1C745C82F72940089758D53C /* Project object */;
			proxyType = 1;
			remoteGlobalIDString = 62CEE19886114F8C8D2FA5FF;
			remoteInfo = ZERO_CHECK;
		};
		B88F8DC79EB64E07A0FEC4DC /* PBXContainerItemProxy */ = {
			isa = PBXContainerItemProxy;
			containerPortal = 1C745C82F72940089758D53C /* Project object */;
			proxyType = 1;
			remoteGlobalIDString = 62CEE19886114F8C8D2FA5FF;
			remoteInfo = ZERO_CHECK;
		};
/* End PBXContainerItemProxy section */

/* Begin PBXFileReference section */
		008D2CD69F314FD6B56B8141 /* /Users/artemgavrikov/Documents/programming_for_bfu/labs_for_bfu/lab_7/funcs.hpp */ = {isa = PBXFileReference; explicitFileType = sourcecode.cpp.h; fileEncoding = 4; name = funcs.hpp; path = funcs.hpp; sourceTree = SOURCE_ROOT; };
		4C100208CB954FD781B76920 /* /Users/artemgavrikov/Documents/programming_for_bfu/labs_for_bfu/lab_7/lab_7.cpp */ = {isa = PBXFileReference; explicitFileType = sourcecode.cpp.cpp; fileEncoding = 4; name = lab_7.cpp; path = lab_7.cpp; sourceTree = SOURCE_ROOT; };
		8BD952F732A14BA9BFCA79CE /* /Users/artemgavrikov/Documents/programming_for_bfu/labs_for_bfu/lab_7/CMakeLists.txt */ = {isa = PBXFileReference; explicitFileType = sourcecode.text; fileEncoding = 4; name = CMakeLists.txt; path = CMakeLists.txt; sourceTree = SOURCE_ROOT; };
		9DBA63AE7F3D4C53A825999C /* /Users/artemgavrikov/Documents/programming_for_bfu/labs_for_bfu/lab_7/funcs.cpp */ = {isa = PBXFileReference; explicitFileType = sourcecode.cpp.cpp; fileEncoding = 4; name = funcs.cpp; path = funcs.cpp; sourceTree = SOURCE_ROOT; };
		AC373FA5AB7241A187A54A80 /* lab_7 */ = {isa = PBXFileReference; explicitFileType = "compiled.mach-o.executable"; path = lab_7; sourceTree = BUILT_PRODUCTS_DIR; };
		C66A191BF641460EAC7D00AD /* /Users/artemgavrikov/Documents/programming_for_bfu/labs_for_bfu/lab_7/CMakeLists.txt */ = {isa = PBXFileReference; explicitFileType = sourcecode.text; fileEncoding = 4; name = CMakeLists.txt; path = CMakeLists.txt; sourceTree = SOURCE_ROOT; };
/* End PBXFileReference section */

/* Begin PBXFrameworksBuildPhase section */
		9991D0C4093A479BA8DFF1C7 /* Frameworks */ = {
			isa = PBXFrameworksBuildPhase;
			buildActionMask = 2147483647;
			files = (
			);
			runOnlyForDeploymentPostprocessing = 0;
		};
/* End PBXFrameworksBuildPhase section */

/* Begin PBXGroup section */
		5C864AB26D6C4B53A07EC00C /* Products */ = {
			isa = PBXGroup;
			children = (
				AC373FA5AB7241A187A54A80 /* lab_7 */,
			);
			name = Products;
			sourceTree = "<group>";
		};
		5CDC4C65341843838882F650 /* lab_7 */ = {
			isa = PBXGroup;
			children = (
				775FBF5FB01B4F068F40DEE1 /* Source Files */,
				A0B03580E79349FE8CC97AEE /* Header Files */,
				8BD952F732A14BA9BFCA79CE /* /Users/artemgavrikov/Documents/programming_for_bfu/labs_for_bfu/lab_7/CMakeLists.txt */,
			);
			name = lab_7;
			sourceTree = "<group>";
		};
		775FBF5FB01B4F068F40DEE1 /* Source Files */ = {
			isa = PBXGroup;
			children = (
				9DBA63AE7F3D4C53A825999C /* /Users/artemgavrikov/Documents/programming_for_bfu/labs_for_bfu/lab_7/funcs.cpp */,
				4C100208CB954FD781B76920 /* /Users/artemgavrikov/Documents/programming_for_bfu/labs_for_bfu/lab_7/lab_7.cpp */,
			);
			name = "Source Files";
			sourceTree = "<group>";
		};
		78CCC4D4F43546A782EC4313 /* ALL_BUILD */ = {
			isa = PBXGroup;
			children = (
				DA18EEB4DCF049EFBECC0368 /* CMake Rules */,
				C66A191BF641460EAC7D00AD /* /Users/artemgavrikov/Documents/programming_for_bfu/labs_for_bfu/lab_7/CMakeLists.txt */,
			);
			name = ALL_BUILD;
			sourceTree = "<group>";
		};
		83E41B437D0349FB91D4AEB6 /* Frameworks */ = {
			isa = PBXGroup;
			children = (
			);
			name = Frameworks;
			sourceTree = "<group>";
		};
		A0B03580E79349FE8CC97AEE /* Header Files */ = {
			isa = PBXGroup;
			children = (
				008D2CD69F314FD6B56B8141 /* /Users/artemgavrikov/Documents/programming_for_bfu/labs_for_bfu/lab_7/funcs.hpp */,
			);
			name = "Header Files";
			sourceTree = "<group>";
		};
		BA80A094971F4CB1B693FAEB = {
			isa = PBXGroup;
			children = (
				5CDC4C65341843838882F650 /* lab_7 */,
				78CCC4D4F43546A782EC4313 /* ALL_BUILD */,
				5C864AB26D6C4B53A07EC00C /* Products */,
				83E41B437D0349FB91D4AEB6 /* Frameworks */,
			);
			sourceTree = "<group>";
		};
		DA18EEB4DCF049EFBECC0368 /* CMake Rules */ = {
			isa = PBXGroup;
			children = (
			);
			name = "CMake Rules";
			sourceTree = "<group>";
		};
/* End PBXGroup section */

/* Begin PBXNativeTarget section */
		DAE1DF882D744769A428AC6D /* lab_7 */ = {
			isa = PBXNativeTarget;
			buildConfigurationList = E9C5308DF37D428CAD7D1593 /* Build configuration list for PBXNativeTarget "lab_7" */;
			buildPhases = (
				D822A46B9B8A46AB80905617 /* Sources */,
				9991D0C4093A479BA8DFF1C7 /* Frameworks */,
			);
			buildRules = (
			);
			dependencies = (
				367A44E3B5034485ABB0BD2D /* PBXTargetDependency */,
			);
			name = lab_7;
			productName = lab_7;
			productReference = AC373FA5AB7241A187A54A80 /* lab_7 */;
			productType = "com.apple.product-type.tool";
		};
/* End PBXNativeTarget section */

/* Begin PBXProject section */
		1C745C82F72940089758D53C /* Project object */ = {
			isa = PBXProject;
			attributes = {
				BuildIndependentTargetsInParallel = YES;
				LastUpgradeCheck = 1420;
			};
			buildConfigurationList = 00186A1C6A9D4FA99D73A609 /* Build configuration list for PBXProject "lab_7" */;
			buildSettings = {
			};
			buildStyles = (
				5507C689358A467FA4F558B9 /*   */,
			);
			compatibilityVersion = "Xcode 3.2";
			hasScannedForEncodings = 0;
			mainGroup = BA80A094971F4CB1B693FAEB;
			projectDirPath = /Users/artemgavrikov/Documents/programming_for_bfu/labs_for_bfu/lab_7;
			projectRoot = "";
			targets = (
				881360F0F3934F8780973C69 /* ALL_BUILD */,
				62CEE19886114F8C8D2FA5FF /* ZERO_CHECK */,
				DAE1DF882D744769A428AC6D /* lab_7 */,
			);
		};
/* End PBXProject section */

/* Begin PBXShellScriptBuildPhase section */
		39A7D611A761BC88401CA2D5 /* Generate CMakeFiles/ALL_BUILD */ = {
			isa = PBXShellScriptBuildPhase;
			alwaysOutOfDate = 1;
			buildActionMask = 2147483647;
			files = (
			);
			inputPaths = (
			);
			name = "Generate CMakeFiles/ALL_BUILD";
			outputPaths = (
/Users/artemgavrikov/Documents/Builds/lab_7/CMakeFiles/ALL_BUILD			);
			runOnlyForDeploymentPostprocessing = 0;
			shellPath = /bin/sh;
			shellScript = "set -e
if test \"$CONFIGURATION\" = \" \"; then :
  cd /Users/artemgavrikov/Documents/Builds/lab_7
  echo Build\\ all\\ projects
fi
";
			showEnvVarsInLog = 0;
		};
		3C0110FC8322DE7E50886E21 = {
			isa = PBXShellScriptBuildPhase;
			buildActionMask = 2147483647;
			files = (
			);
			inputPaths = (
			);
			outputPaths = (
			);
			runOnlyForDeploymentPostprocessing = 0;
			shellPath = /bin/sh;
			shellScript = "# shell script goes here
exit 0";
			showEnvVarsInLog = 0;
		};
		7C50D6406C2260B134950F53 /* Generate CMakeFiles/ZERO_CHECK */ = {
			isa = PBXShellScriptBuildPhase;
			alwaysOutOfDate = 1;
			buildActionMask = 2147483647;
			files = (
			);
			inputPaths = (
			);
			name = "Generate CMakeFiles/ZERO_CHECK";
			outputPaths = (
/Users/artemgavrikov/Documents/Builds/lab_7/CMakeFiles/ZERO_CHECK			);
			runOnlyForDeploymentPostprocessing = 0;
			shellPath = /bin/sh;
			shellScript = "set -e
if test \"$CONFIGURATION\" = \" \"; then :
  cd /Users/artemgavrikov/Documents/Builds/lab_7
  make -f /Users/artemgavrikov/Documents/Builds/lab_7/CMakeScripts/ReRunCMake.make
fi
";
			showEnvVarsInLog = 0;
		};
		9B50530E35CC49C82C2FACCF = {
			isa = PBXShellScriptBuildPhase;
			buildActionMask = 2147483647;
			files = (
			);
			inputPaths = (
			);
			outputPaths = (
			);
			runOnlyForDeploymentPostprocessing = 0;
			shellPath = /bin/sh;
			shellScript = "# shell script goes here
exit 0";
			showEnvVarsInLog = 0;
		};
/* End PBXShellScriptBuildPhase section */

/* Begin PBXSourcesBuildPhase section */
		D822A46B9B8A46AB80905617 /* Sources */ = {
			isa = PBXSourcesBuildPhase;
			buildActionMask = 2147483647;
			files = (
				BBF02920FCB24A78B1DAB7D7 /* /Users/artemgavrikov/Documents/programming_for_bfu/labs_for_bfu/lab_7/funcs.cpp */,
				A0D234024499460F93A5EE18 /* /Users/artemgavrikov/Documents/programming_for_bfu/labs_for_bfu/lab_7/lab_7.cpp */,
			);
			runOnlyForDeploymentPostprocessing = 0;
		};
/* End PBXSourcesBuildPhase section */

/* Begin PBXTargetDependency section */
		367A44E3B5034485ABB0BD2D /* PBXTargetDependency */ = {
			isa = PBXTargetDependency;
			target = 62CEE19886114F8C8D2FA5FF /* ZERO_CHECK */;
			targetProxy = 1A4C36D49C16483F90EE1D21 /* PBXContainerItemProxy */;
		};
		A30DA022D3BF421EB4A7B045 /* PBXTargetDependency */ = {
			isa = PBXTargetDependency;
			target = DAE1DF882D744769A428AC6D /* lab_7 */;
			targetProxy = 0C974D86890F406595A24E16 /* PBXContainerItemProxy */;
		};
		CB19C0051F394DBE9488C5FE /* PBXTargetDependency */ = {
			isa = PBXTargetDependency;
			target = 62CEE19886114F8C8D2FA5FF /* ZERO_CHECK */;
			targetProxy = B88F8DC79EB64E07A0FEC4DC /* PBXContainerItemProxy */;
		};
/* End PBXTargetDependency section */

/* Begin XCBuildConfiguration section */
		22106F4AC7FA4740868058EF /*   */ = {
			isa = XCBuildConfiguration;
			buildSettings = {
				ARCHS = arm64;
				COMBINE_HIDPI_IMAGES = YES;
				CONFIGURATION_BUILD_DIR = "/Users/artemgavrikov/Documents/Builds/lab_7/ ";
				EXECUTABLE_PREFIX = "";
				EXECUTABLE_SUFFIX = "";
				GCC_GENERATE_DEBUGGING_SYMBOLS = NO;
				GCC_INLINES_ARE_PRIVATE_EXTERN = NO;
				GCC_OPTIMIZATION_LEVEL = 0;
				GCC_PREPROCESSOR_DEFINITIONS = ("'CMAKE_INTDIR=\"$(CONFIGURATION)$(EFFECTIVE_PLATFORM_NAME)\"'","$(inherited)");
				GCC_SYMBOLS_PRIVATE_EXTERN = NO;
				ONLY_ACTIVE_ARCH = NO;
				OTHER_CPLUSPLUSFLAGS = "'-std=c++17' ";
				OTHER_LDFLAGS = (" -Wl,-search_paths_first -Wl,-headerpad_max_install_names","$(inherited)");
				OTHER_REZFLAGS = "";
				PRODUCT_NAME = lab_7;
				SECTORDER_FLAGS = "";
				TARGET_TEMP_DIR = "/Users/artemgavrikov/Documents/Builds/lab_7/CMakeFiles/lab_7.dir/$(CONFIGURATION)$(EFFECTIVE_PLATFORM_NAME)";
				USE_HEADERMAP = NO;
				WARNING_CFLAGS = ("$(inherited)");
			};
			name = " ";
		};
		2975948E8C3C4E0985B7F503 /*   */ = {
			isa = XCBuildConfiguration;
			buildSettings = {
				ARCHS = arm64;
				MACOSX_DEPLOYMENT_TARGET = 12.6;
				SDKROOT = /Applications/Xcode.app/Contents/Developer/Platforms/MacOSX.platform/Developer/SDKs/MacOSX13.1.sdk;
				SYMROOT = /Users/artemgavrikov/Documents/Builds/lab_7/build;
			};
			name = " ";
		};
		96B3C73745FD4A15AFF1D9D6 /*   */ = {
			isa = XCBuildConfiguration;
			buildSettings = {
				ARCHS = arm64;
				COMBINE_HIDPI_IMAGES = YES;
				GCC_GENERATE_DEBUGGING_SYMBOLS = YES;
				GCC_INLINES_ARE_PRIVATE_EXTERN = NO;
				GCC_OPTIMIZATION_LEVEL = 0;
				GCC_PREPROCESSOR_DEFINITIONS = ("'CMAKE_INTDIR=\"$(CONFIGURATION)$(EFFECTIVE_PLATFORM_NAME)\"'","$(inherited)");
				GCC_SYMBOLS_PRIVATE_EXTERN = NO;
				ONLY_ACTIVE_ARCH = NO;
				OTHER_LDFLAGS = ("","$(inherited)");
				OTHER_REZFLAGS = "";
				PRODUCT_NAME = ZERO_CHECK;
				SECTORDER_FLAGS = "";
				USE_HEADERMAP = NO;
				WARNING_CFLAGS = ("$(inherited)");
			};
			name = " ";
		};
		FC810008F741410CB313402B /*   */ = {
			isa = XCBuildConfiguration;
			buildSettings = {
				ARCHS = arm64;
				COMBINE_HIDPI_IMAGES = YES;
				GCC_GENERATE_DEBUGGING_SYMBOLS = YES;
				GCC_INLINES_ARE_PRIVATE_EXTERN = NO;
				GCC_OPTIMIZATION_LEVEL = 0;
				GCC_PREPROCESSOR_DEFINITIONS = ("'CMAKE_INTDIR=\"$(CONFIGURATION)$(EFFECTIVE_PLATFORM_NAME)\"'","$(inherited)");
				GCC_SYMBOLS_PRIVATE_EXTERN = NO;
				ONLY_ACTIVE_ARCH = NO;
				OTHER_LDFLAGS = ("","$(inherited)");
				OTHER_REZFLAGS = "";
				PRODUCT_NAME = ALL_BUILD;
				SECTORDER_FLAGS = "";
				USE_HEADERMAP = NO;
				WARNING_CFLAGS = ("$(inherited)");
			};
			name = " ";
		};
/* End XCBuildConfiguration section */

/* Begin XCConfigurationList section */
		00186A1C6A9D4FA99D73A609 /* Build configuration list for PBXProject "lab_7" */ = {
			isa = XCConfigurationList;
			buildConfigurations = (
				2975948E8C3C4E0985B7F503 /*   */,
			);
			defaultConfigurationIsVisible = 0;
			defaultConfigurationName = " ";
		};
		7446B1FBD4B54C8EB00B3C78 /* Build configuration list for PBXAggregateTarget "ALL_BUILD" */ = {
			isa = XCConfigurationList;
			buildConfigurations = (
				FC810008F741410CB313402B /*   */,
			);
			defaultConfigurationIsVisible = 0;
			defaultConfigurationName = " ";
		};
		B1B29A1DFA1A4DC7AE760A28 /* Build configuration list for PBXAggregateTarget "ZERO_CHECK" */ = {
			isa = XCConfigurationList;
			buildConfigurations = (
				96B3C73745FD4A15AFF1D9D6 /*   */,
			);
			defaultConfigurationIsVisible = 0;
			defaultConfigurationName = " ";
		};
		E9C5308DF37D428CAD7D1593 /* Build configuration list for PBXNativeTarget "lab_7" */ = {
			isa = XCConfigurationList;
			buildConfigurations = (
				22106F4AC7FA4740868058EF /*   */,
			);
			defaultConfigurationIsVisible = 0;
			defaultConfigurationName = " ";
		};
/* End XCConfigurationList section */
	};
	rootObject = 1C745C82F72940089758D53C /* Project object */;
}
